// !$*UTF8*$!
{
	archiveVersion = 1;
	classes = {
	};
	objectVersion = 56;
	objects = {

/* Begin PBXBuildFile section */
		A5701EEA2B7CAB5F00F126B0 /* AppDelegate.swift in Sources */ = {isa = PBXBuildFile; fileRef = A5701EE92B7CAB5F00F126B0 /* AppDelegate.swift */; };
		A5701EEC2B7CAB5F00F126B0 /* SceneDelegate.swift in Sources */ = {isa = PBXBuildFile; fileRef = A5701EEB2B7CAB5F00F126B0 /* SceneDelegate.swift */; };
		A5701EEE2B7CAB5F00F126B0 /* ViewController.swift in Sources */ = {isa = PBXBuildFile; fileRef = A5701EED2B7CAB5F00F126B0 /* ViewController.swift */; };
		A5701EF12B7CAB5F00F126B0 /* Main.storyboard in Resources */ = {isa = PBXBuildFile; fileRef = A5701EEF2B7CAB5F00F126B0 /* Main.storyboard */; };
		A5701EF32B7CAB6000F126B0 /* Assets.xcassets in Resources */ = {isa = PBXBuildFile; fileRef = A5701EF22B7CAB6000F126B0 /* Assets.xcassets */; };
		A5701EF62B7CAB6000F126B0 /* LaunchScreen.storyboard in Resources */ = {isa = PBXBuildFile; fileRef = A5701EF42B7CAB6000F126B0 /* LaunchScreen.storyboard */; };
		A5701EFF2B7CABA600F126B0 /* BaseViewController.swift in Sources */ = {isa = PBXBuildFile; fileRef = A5701EFE2B7CABA600F126B0 /* BaseViewController.swift */; };
		A5B619CA2B7F75E4005783F4 /* TodoListTableHeaderView.swift in Sources */ = {isa = PBXBuildFile; fileRef = A5B619C92B7F75E4005783F4 /* TodoListTableHeaderView.swift */; };
		A5B619CD2B81F4C8005783F4 /* Toast in Frameworks */ = {isa = PBXBuildFile; productRef = A5B619CC2B81F4C8005783F4 /* Toast */; };
		A5B619CF2B8208E5005783F4 /* StringStrike.swift in Sources */ = {isa = PBXBuildFile; fileRef = A5B619CE2B8208E5005783F4 /* StringStrike.swift */; };
		A5B619D52B832EB7005783F4 /* FSCalendar in Frameworks */ = {isa = PBXBuildFile; productRef = A5B619D42B832EB7005783F4 /* FSCalendar */; };
		A5B619D72B839013005783F4 /* ImageWebSearchViewController.swift in Sources */ = {isa = PBXBuildFile; fileRef = A5B619D62B839013005783F4 /* ImageWebSearchViewController.swift */; };
		A5B619D92B83A41D005783F4 /* FileManager.swift in Sources */ = {isa = PBXBuildFile; fileRef = A5B619D82B83A41D005783F4 /* FileManager.swift */; };
		A5B619DB2B83B108005783F4 /* ImageWebSearchView.swift in Sources */ = {isa = PBXBuildFile; fileRef = A5B619DA2B83B108005783F4 /* ImageWebSearchView.swift */; };
		A5B619E12B83B1CD005783F4 /* ResultCollectionViewCell.swift in Sources */ = {isa = PBXBuildFile; fileRef = A5B619E02B83B1CD005783F4 /* ResultCollectionViewCell.swift */; };
		A5B619E52B83B2E7005783F4 /* Kingfisher in Frameworks */ = {isa = PBXBuildFile; productRef = A5B619E42B83B2E7005783F4 /* Kingfisher */; };
		A5B619E82B83B300005783F4 /* Alamofire in Frameworks */ = {isa = PBXBuildFile; productRef = A5B619E72B83B300005783F4 /* Alamofire */; };
		A5B619EA2B83B364005783F4 /* APIKey.swift in Sources */ = {isa = PBXBuildFile; fileRef = A5B619E92B83B364005783F4 /* APIKey.swift */; };
		A5B619EC2B83B37F005783F4 /* .gitignore in Resources */ = {isa = PBXBuildFile; fileRef = A5B619EB2B83B37F005783F4 /* .gitignore */; };
		A5B619EE2B83B3A0005783F4 /* NaverAPIManger.swift in Sources */ = {isa = PBXBuildFile; fileRef = A5B619ED2B83B3A0005783F4 /* NaverAPIManger.swift */; };
		A5B619F02B83B3B3005783F4 /* NaverModel.swift in Sources */ = {isa = PBXBuildFile; fileRef = A5B619EF2B83B3B3005783F4 /* NaverModel.swift */; };
		A5B619F22B83B881005783F4 /* BaseImageView.swift in Sources */ = {isa = PBXBuildFile; fileRef = A5B619F12B83B881005783F4 /* BaseImageView.swift */; };
		A5B619F52B848870005783F4 /* CustomCategoryTableViewCell.swift in Sources */ = {isa = PBXBuildFile; fileRef = A5B619F42B848870005783F4 /* CustomCategoryTableViewCell.swift */; };
		A5B619F82B84DEFD005783F4 /* AddCategoryViewController.swift in Sources */ = {isa = PBXBuildFile; fileRef = A5B619F72B84DEFD005783F4 /* AddCategoryViewController.swift */; };
		A5B619FA2B84DF0A005783F4 /* AddCategoryView.swift in Sources */ = {isa = PBXBuildFile; fileRef = A5B619F92B84DF0A005783F4 /* AddCategoryView.swift */; };
		A5B619FD2B850694005783F4 /* TodoListInCustomCategoryViewController.swift in Sources */ = {isa = PBXBuildFile; fileRef = A5B619FC2B850694005783F4 /* TodoListInCustomCategoryViewController.swift */; };
		A5B619FF2B8506A6005783F4 /* TodoListInCustomCategoryView.swift in Sources */ = {isa = PBXBuildFile; fileRef = A5B619FE2B8506A6005783F4 /* TodoListInCustomCategoryView.swift */; };
		A5B61A012B8513C7005783F4 /* SelectCategoryViewController.swift in Sources */ = {isa = PBXBuildFile; fileRef = A5B61A002B8513C7005783F4 /* SelectCategoryViewController.swift */; };
		A5B9D1852B7CD023008E4C8E /* CategoryListViewController.swift in Sources */ = {isa = PBXBuildFile; fileRef = A5B9D1842B7CD023008E4C8E /* CategoryListViewController.swift */; };
		A5B9D1872B7CD033008E4C8E /* BaseView.swift in Sources */ = {isa = PBXBuildFile; fileRef = A5B9D1862B7CD033008E4C8E /* BaseView.swift */; };
		A5B9D1892B7CD03D008E4C8E /* CategoryListView.swift in Sources */ = {isa = PBXBuildFile; fileRef = A5B9D1882B7CD03D008E4C8E /* CategoryListView.swift */; };
		A5B9D18C2B7CD105008E4C8E /* SnapKit in Frameworks */ = {isa = PBXBuildFile; productRef = A5B9D18B2B7CD105008E4C8E /* SnapKit */; };
		A5B9D18F2B7CD404008E4C8E /* AddTodoViewController.swift in Sources */ = {isa = PBXBuildFile; fileRef = A5B9D18E2B7CD404008E4C8E /* AddTodoViewController.swift */; };
		A5B9D1912B7CD412008E4C8E /* AddTodoView.swift in Sources */ = {isa = PBXBuildFile; fileRef = A5B9D1902B7CD412008E4C8E /* AddTodoView.swift */; };
		A5B9D1962B7CDB97008E4C8E /* OptionTableViewCell.swift in Sources */ = {isa = PBXBuildFile; fileRef = A5B9D1952B7CDB97008E4C8E /* OptionTableViewCell.swift */; };
		A5B9D1992B7CFF1E008E4C8E /* DateViewController.swift in Sources */ = {isa = PBXBuildFile; fileRef = A5B9D1982B7CFF1E008E4C8E /* DateViewController.swift */; };
		A5B9D19B2B7D0F70008E4C8E /* TagViewController.swift in Sources */ = {isa = PBXBuildFile; fileRef = A5B9D19A2B7D0F70008E4C8E /* TagViewController.swift */; };
		A5B9D19D2B7D124E008E4C8E /* PriorityViewController.swift in Sources */ = {isa = PBXBuildFile; fileRef = A5B9D19C2B7D124E008E4C8E /* PriorityViewController.swift */; };
		A5B9D1AB2B7DF763008E4C8E /* CategoryCollectionViewCell.swift in Sources */ = {isa = PBXBuildFile; fileRef = A5B9D1AA2B7DF763008E4C8E /* CategoryCollectionViewCell.swift */; };
		A5B9D1B42B7DFD21008E4C8E /* Realm in Frameworks */ = {isa = PBXBuildFile; productRef = A5B9D1B32B7DFD21008E4C8E /* Realm */; };
		A5B9D1B62B7DFD21008E4C8E /* RealmSwift in Frameworks */ = {isa = PBXBuildFile; productRef = A5B9D1B52B7DFD21008E4C8E /* RealmSwift */; };
		A5B9D1B82B7DFD5A008E4C8E /* RealmTable.swift in Sources */ = {isa = PBXBuildFile; fileRef = A5B9D1B72B7DFD5A008E4C8E /* RealmTable.swift */; };
		A5B9D1BA2B7EA233008E4C8E /* DateFormat.swift in Sources */ = {isa = PBXBuildFile; fileRef = A5B9D1B92B7EA233008E4C8E /* DateFormat.swift */; };
		A5B9D1BD2B7EABB3008E4C8E /* TodoListViewController.swift in Sources */ = {isa = PBXBuildFile; fileRef = A5B9D1BC2B7EABB3008E4C8E /* TodoListViewController.swift */; };
		A5B9D1BF2B7EABC3008E4C8E /* TodoListView.swift in Sources */ = {isa = PBXBuildFile; fileRef = A5B9D1BE2B7EABC3008E4C8E /* TodoListView.swift */; };
		A5B9D1C22B7EAD94008E4C8E /* TodoListTableViewCell.swift in Sources */ = {isa = PBXBuildFile; fileRef = A5B9D1C12B7EAD94008E4C8E /* TodoListTableViewCell.swift */; };
		A5B9D1C52B7EB1FE008E4C8E /* TodoListTableRepository.swift in Sources */ = {isa = PBXBuildFile; fileRef = A5B9D1C42B7EB1FE008E4C8E /* TodoListTableRepository.swift */; };
/* End PBXBuildFile section */

/* Begin PBXFileReference section */
		A5701EE62B7CAB5E00F126B0 /* SeSACToDoList.app */ = {isa = PBXFileReference; explicitFileType = wrapper.application; includeInIndex = 0; path = SeSACToDoList.app; sourceTree = BUILT_PRODUCTS_DIR; };
		A5701EE92B7CAB5F00F126B0 /* AppDelegate.swift */ = {isa = PBXFileReference; lastKnownFileType = sourcecode.swift; path = AppDelegate.swift; sourceTree = "<group>"; };
		A5701EEB2B7CAB5F00F126B0 /* SceneDelegate.swift */ = {isa = PBXFileReference; lastKnownFileType = sourcecode.swift; path = SceneDelegate.swift; sourceTree = "<group>"; };
		A5701EED2B7CAB5F00F126B0 /* ViewController.swift */ = {isa = PBXFileReference; lastKnownFileType = sourcecode.swift; path = ViewController.swift; sourceTree = "<group>"; };
		A5701EF02B7CAB5F00F126B0 /* Base */ = {isa = PBXFileReference; lastKnownFileType = file.storyboard; name = Base; path = Base.lproj/Main.storyboard; sourceTree = "<group>"; };
		A5701EF22B7CAB6000F126B0 /* Assets.xcassets */ = {isa = PBXFileReference; lastKnownFileType = folder.assetcatalog; path = Assets.xcassets; sourceTree = "<group>"; };
		A5701EF52B7CAB6000F126B0 /* Base */ = {isa = PBXFileReference; lastKnownFileType = file.storyboard; name = Base; path = Base.lproj/LaunchScreen.storyboard; sourceTree = "<group>"; };
		A5701EF72B7CAB6000F126B0 /* Info.plist */ = {isa = PBXFileReference; lastKnownFileType = text.plist.xml; path = Info.plist; sourceTree = "<group>"; };
		A5701EFE2B7CABA600F126B0 /* BaseViewController.swift */ = {isa = PBXFileReference; lastKnownFileType = sourcecode.swift; path = BaseViewController.swift; sourceTree = "<group>"; };
		A5B619C92B7F75E4005783F4 /* TodoListTableHeaderView.swift */ = {isa = PBXFileReference; lastKnownFileType = sourcecode.swift; path = TodoListTableHeaderView.swift; sourceTree = "<group>"; };
		A5B619CE2B8208E5005783F4 /* StringStrike.swift */ = {isa = PBXFileReference; lastKnownFileType = sourcecode.swift; path = StringStrike.swift; sourceTree = "<group>"; };
		A5B619D62B839013005783F4 /* ImageWebSearchViewController.swift */ = {isa = PBXFileReference; lastKnownFileType = sourcecode.swift; path = ImageWebSearchViewController.swift; sourceTree = "<group>"; };
		A5B619D82B83A41D005783F4 /* FileManager.swift */ = {isa = PBXFileReference; lastKnownFileType = sourcecode.swift; path = FileManager.swift; sourceTree = "<group>"; };
		A5B619DA2B83B108005783F4 /* ImageWebSearchView.swift */ = {isa = PBXFileReference; lastKnownFileType = sourcecode.swift; path = ImageWebSearchView.swift; sourceTree = "<group>"; };
		A5B619E02B83B1CD005783F4 /* ResultCollectionViewCell.swift */ = {isa = PBXFileReference; lastKnownFileType = sourcecode.swift; path = ResultCollectionViewCell.swift; sourceTree = "<group>"; };
		A5B619E92B83B364005783F4 /* APIKey.swift */ = {isa = PBXFileReference; lastKnownFileType = sourcecode.swift; path = APIKey.swift; sourceTree = "<group>"; };
		A5B619EB2B83B37F005783F4 /* .gitignore */ = {isa = PBXFileReference; lastKnownFileType = text; path = .gitignore; sourceTree = "<group>"; };
		A5B619ED2B83B3A0005783F4 /* NaverAPIManger.swift */ = {isa = PBXFileReference; lastKnownFileType = sourcecode.swift; path = NaverAPIManger.swift; sourceTree = "<group>"; };
		A5B619EF2B83B3B3005783F4 /* NaverModel.swift */ = {isa = PBXFileReference; lastKnownFileType = sourcecode.swift; path = NaverModel.swift; sourceTree = "<group>"; };
		A5B619F12B83B881005783F4 /* BaseImageView.swift */ = {isa = PBXFileReference; lastKnownFileType = sourcecode.swift; path = BaseImageView.swift; sourceTree = "<group>"; };
		A5B619F42B848870005783F4 /* CustomCategoryTableViewCell.swift */ = {isa = PBXFileReference; lastKnownFileType = sourcecode.swift; path = CustomCategoryTableViewCell.swift; sourceTree = "<group>"; };
		A5B619F72B84DEFD005783F4 /* AddCategoryViewController.swift */ = {isa = PBXFileReference; lastKnownFileType = sourcecode.swift; path = AddCategoryViewController.swift; sourceTree = "<group>"; };
		A5B619F92B84DF0A005783F4 /* AddCategoryView.swift */ = {isa = PBXFileReference; lastKnownFileType = sourcecode.swift; path = AddCategoryView.swift; sourceTree = "<group>"; };
		A5B619FC2B850694005783F4 /* TodoListInCustomCategoryViewController.swift */ = {isa = PBXFileReference; lastKnownFileType = sourcecode.swift; path = TodoListInCustomCategoryViewController.swift; sourceTree = "<group>"; };
		A5B619FE2B8506A6005783F4 /* TodoListInCustomCategoryView.swift */ = {isa = PBXFileReference; lastKnownFileType = sourcecode.swift; path = TodoListInCustomCategoryView.swift; sourceTree = "<group>"; };
		A5B61A002B8513C7005783F4 /* SelectCategoryViewController.swift */ = {isa = PBXFileReference; lastKnownFileType = sourcecode.swift; path = SelectCategoryViewController.swift; sourceTree = "<group>"; };
		A5B9D1842B7CD023008E4C8E /* CategoryListViewController.swift */ = {isa = PBXFileReference; lastKnownFileType = sourcecode.swift; path = CategoryListViewController.swift; sourceTree = "<group>"; };
		A5B9D1862B7CD033008E4C8E /* BaseView.swift */ = {isa = PBXFileReference; lastKnownFileType = sourcecode.swift; path = BaseView.swift; sourceTree = "<group>"; };
		A5B9D1882B7CD03D008E4C8E /* CategoryListView.swift */ = {isa = PBXFileReference; lastKnownFileType = sourcecode.swift; path = CategoryListView.swift; sourceTree = "<group>"; };
		A5B9D18E2B7CD404008E4C8E /* AddTodoViewController.swift */ = {isa = PBXFileReference; lastKnownFileType = sourcecode.swift; path = AddTodoViewController.swift; sourceTree = "<group>"; };
		A5B9D1902B7CD412008E4C8E /* AddTodoView.swift */ = {isa = PBXFileReference; lastKnownFileType = sourcecode.swift; path = AddTodoView.swift; sourceTree = "<group>"; };
		A5B9D1952B7CDB97008E4C8E /* OptionTableViewCell.swift */ = {isa = PBXFileReference; lastKnownFileType = sourcecode.swift; path = OptionTableViewCell.swift; sourceTree = "<group>"; };
		A5B9D1982B7CFF1E008E4C8E /* DateViewController.swift */ = {isa = PBXFileReference; lastKnownFileType = sourcecode.swift; path = DateViewController.swift; sourceTree = "<group>"; };
		A5B9D19A2B7D0F70008E4C8E /* TagViewController.swift */ = {isa = PBXFileReference; lastKnownFileType = sourcecode.swift; path = TagViewController.swift; sourceTree = "<group>"; };
		A5B9D19C2B7D124E008E4C8E /* PriorityViewController.swift */ = {isa = PBXFileReference; lastKnownFileType = sourcecode.swift; path = PriorityViewController.swift; sourceTree = "<group>"; };
		A5B9D1AA2B7DF763008E4C8E /* CategoryCollectionViewCell.swift */ = {isa = PBXFileReference; lastKnownFileType = sourcecode.swift; path = CategoryCollectionViewCell.swift; sourceTree = "<group>"; };
		A5B9D1B72B7DFD5A008E4C8E /* RealmTable.swift */ = {isa = PBXFileReference; lastKnownFileType = sourcecode.swift; path = RealmTable.swift; sourceTree = "<group>"; };
		A5B9D1B92B7EA233008E4C8E /* DateFormat.swift */ = {isa = PBXFileReference; lastKnownFileType = sourcecode.swift; path = DateFormat.swift; sourceTree = "<group>"; };
		A5B9D1BC2B7EABB3008E4C8E /* TodoListViewController.swift */ = {isa = PBXFileReference; lastKnownFileType = sourcecode.swift; path = TodoListViewController.swift; sourceTree = "<group>"; };
		A5B9D1BE2B7EABC3008E4C8E /* TodoListView.swift */ = {isa = PBXFileReference; lastKnownFileType = sourcecode.swift; path = TodoListView.swift; sourceTree = "<group>"; };
		A5B9D1C12B7EAD94008E4C8E /* TodoListTableViewCell.swift */ = {isa = PBXFileReference; lastKnownFileType = sourcecode.swift; path = TodoListTableViewCell.swift; sourceTree = "<group>"; };
		A5B9D1C42B7EB1FE008E4C8E /* TodoListTableRepository.swift */ = {isa = PBXFileReference; lastKnownFileType = sourcecode.swift; path = TodoListTableRepository.swift; sourceTree = "<group>"; };
/* End PBXFileReference section */

/* Begin PBXFrameworksBuildPhase section */
		A5701EE32B7CAB5E00F126B0 /* Frameworks */ = {
			isa = PBXFrameworksBuildPhase;
			buildActionMask = 2147483647;
			files = (
				A5B619E52B83B2E7005783F4 /* Kingfisher in Frameworks */,
				A5B619E82B83B300005783F4 /* Alamofire in Frameworks */,
				A5B619CD2B81F4C8005783F4 /* Toast in Frameworks */,
				A5B9D1B62B7DFD21008E4C8E /* RealmSwift in Frameworks */,
				A5B9D1B42B7DFD21008E4C8E /* Realm in Frameworks */,
				A5B619D52B832EB7005783F4 /* FSCalendar in Frameworks */,
				A5B9D18C2B7CD105008E4C8E /* SnapKit in Frameworks */,
			);
			runOnlyForDeploymentPostprocessing = 0;
		};
/* End PBXFrameworksBuildPhase section */

/* Begin PBXGroup section */
		A5701EDD2B7CAB5E00F126B0 = {
			isa = PBXGroup;
			children = (
				A5B619EB2B83B37F005783F4 /* .gitignore */,
				A5701EE82B7CAB5F00F126B0 /* SeSACToDoList */,
				A5701EE72B7CAB5E00F126B0 /* Products */,
			);
			sourceTree = "<group>";
		};
		A5701EE72B7CAB5E00F126B0 /* Products */ = {
			isa = PBXGroup;
			children = (
				A5701EE62B7CAB5E00F126B0 /* SeSACToDoList.app */,
			);
			name = Products;
			sourceTree = "<group>";
		};
		A5701EE82B7CAB5F00F126B0 /* SeSACToDoList */ = {
			isa = PBXGroup;
			children = (
				A5B619FB2B85065C005783F4 /* TodoListInCustomCategory */,
				A5B619E22B83B296005783F4 /* Network */,
				A5B9D1972B7CFEE5008E4C8E /* Extension */,
				A5701EFD2B7CAB8F00F126B0 /* Base */,
				A5B9D1AC2B7DFC98008E4C8E /* Realm */,
				A5B9D1C32B7EB19A008E4C8E /* Repository */,
				A5B9D1832B7CD00C008E4C8E /* CategoryList */,
				A5B619F62B84DEE4005783F4 /* AddCategory */,
				A5B9D1BB2B7EAB9F008E4C8E /* TodoList */,
				A5B9D18D2B7CD3E9008E4C8E /* AddTodo */,
				A5701EE92B7CAB5F00F126B0 /* AppDelegate.swift */,
				A5701EEB2B7CAB5F00F126B0 /* SceneDelegate.swift */,
				A5701EED2B7CAB5F00F126B0 /* ViewController.swift */,
				A5701EEF2B7CAB5F00F126B0 /* Main.storyboard */,
				A5701EF22B7CAB6000F126B0 /* Assets.xcassets */,
				A5701EF42B7CAB6000F126B0 /* LaunchScreen.storyboard */,
				A5701EF72B7CAB6000F126B0 /* Info.plist */,
			);
			path = SeSACToDoList;
			sourceTree = "<group>";
		};
		A5701EFD2B7CAB8F00F126B0 /* Base */ = {
			isa = PBXGroup;
			children = (
				A5701EFE2B7CABA600F126B0 /* BaseViewController.swift */,
				A5B9D1862B7CD033008E4C8E /* BaseView.swift */,
				A5B619F12B83B881005783F4 /* BaseImageView.swift */,
			);
			path = Base;
			sourceTree = "<group>";
		};
		A5B619DC2B83B18A005783F4 /* ImageWebSearch */ = {
			isa = PBXGroup;
			children = (
				A5B619D62B839013005783F4 /* ImageWebSearchViewController.swift */,
				A5B619DA2B83B108005783F4 /* ImageWebSearchView.swift */,
				A5B619DD2B83B19D005783F4 /* CollectionViewCell */,
			);
			path = ImageWebSearch;
			sourceTree = "<group>";
		};
		A5B619DD2B83B19D005783F4 /* CollectionViewCell */ = {
			isa = PBXGroup;
			children = (
				A5B619E02B83B1CD005783F4 /* ResultCollectionViewCell.swift */,
			);
			path = CollectionViewCell;
			sourceTree = "<group>";
		};
		A5B619E22B83B296005783F4 /* Network */ = {
			isa = PBXGroup;
			children = (
				A5B619E92B83B364005783F4 /* APIKey.swift */,
				A5B619ED2B83B3A0005783F4 /* NaverAPIManger.swift */,
				A5B619EF2B83B3B3005783F4 /* NaverModel.swift */,
			);
			path = Network;
			sourceTree = "<group>";
		};
		A5B619F32B848851005783F4 /* TableViewCell */ = {
			isa = PBXGroup;
			children = (
				A5B619F42B848870005783F4 /* CustomCategoryTableViewCell.swift */,
			);
			path = TableViewCell;
			sourceTree = "<group>";
		};
		A5B619F62B84DEE4005783F4 /* AddCategory */ = {
			isa = PBXGroup;
			children = (
				A5B619F72B84DEFD005783F4 /* AddCategoryViewController.swift */,
				A5B619F92B84DF0A005783F4 /* AddCategoryView.swift */,
			);
			path = AddCategory;
			sourceTree = "<group>";
		};
		A5B619FB2B85065C005783F4 /* TodoListInCustomCategory */ = {
			isa = PBXGroup;
			children = (
				A5B619FC2B850694005783F4 /* TodoListInCustomCategoryViewController.swift */,
				A5B619FE2B8506A6005783F4 /* TodoListInCustomCategoryView.swift */,
			);
			path = TodoListInCustomCategory;
			sourceTree = "<group>";
		};
		A5B9D1832B7CD00C008E4C8E /* CategoryList */ = {
			isa = PBXGroup;
			children = (
				A5B9D1842B7CD023008E4C8E /* CategoryListViewController.swift */,
				A5B9D1882B7CD03D008E4C8E /* CategoryListView.swift */,
				A5B9D1A92B7DF745008E4C8E /* CollectionViewCell */,
				A5B619F32B848851005783F4 /* TableViewCell */,
			);
			path = CategoryList;
			sourceTree = "<group>";
		};
		A5B9D18D2B7CD3E9008E4C8E /* AddTodo */ = {
			isa = PBXGroup;
			children = (
				A5B9D18E2B7CD404008E4C8E /* AddTodoViewController.swift */,
				A5B9D1902B7CD412008E4C8E /* AddTodoView.swift */,
				A5B9D1922B7CDB40008E4C8E /* TableViewCell */,
				A5B9D1982B7CFF1E008E4C8E /* DateViewController.swift */,
				A5B9D19A2B7D0F70008E4C8E /* TagViewController.swift */,
				A5B9D19C2B7D124E008E4C8E /* PriorityViewController.swift */,
				A5B619DC2B83B18A005783F4 /* ImageWebSearch */,
				A5B61A002B8513C7005783F4 /* SelectCategoryViewController.swift */,
			);
			path = AddTodo;
			sourceTree = "<group>";
		};
		A5B9D1922B7CDB40008E4C8E /* TableViewCell */ = {
			isa = PBXGroup;
			children = (
				A5B9D1952B7CDB97008E4C8E /* OptionTableViewCell.swift */,
			);
			path = TableViewCell;
			sourceTree = "<group>";
		};
		A5B9D1972B7CFEE5008E4C8E /* Extension */ = {
			isa = PBXGroup;
			children = (
				A5B9D1B92B7EA233008E4C8E /* DateFormat.swift */,
				A5B619CE2B8208E5005783F4 /* StringStrike.swift */,
				A5B619D82B83A41D005783F4 /* FileManager.swift */,
			);
			path = Extension;
			sourceTree = "<group>";
		};
		A5B9D1A92B7DF745008E4C8E /* CollectionViewCell */ = {
			isa = PBXGroup;
			children = (
				A5B9D1AA2B7DF763008E4C8E /* CategoryCollectionViewCell.swift */,
			);
			path = CollectionViewCell;
			sourceTree = "<group>";
		};
		A5B9D1AC2B7DFC98008E4C8E /* Realm */ = {
			isa = PBXGroup;
			children = (
				A5B9D1B72B7DFD5A008E4C8E /* RealmTable.swift */,
			);
			path = Realm;
			sourceTree = "<group>";
		};
		A5B9D1BB2B7EAB9F008E4C8E /* TodoList */ = {
			isa = PBXGroup;
			children = (
				A5B9D1BC2B7EABB3008E4C8E /* TodoListViewController.swift */,
				A5B9D1BE2B7EABC3008E4C8E /* TodoListView.swift */,
				A5B9D1C02B7EAD76008E4C8E /* TableViewCell */,
			);
			path = TodoList;
			sourceTree = "<group>";
		};
		A5B9D1C02B7EAD76008E4C8E /* TableViewCell */ = {
			isa = PBXGroup;
			children = (
				A5B619C92B7F75E4005783F4 /* TodoListTableHeaderView.swift */,
				A5B9D1C12B7EAD94008E4C8E /* TodoListTableViewCell.swift */,
			);
			path = TableViewCell;
			sourceTree = "<group>";
		};
		A5B9D1C32B7EB19A008E4C8E /* Repository */ = {
			isa = PBXGroup;
			children = (
				A5B9D1C42B7EB1FE008E4C8E /* TodoListTableRepository.swift */,
			);
			path = Repository;
			sourceTree = "<group>";
		};
/* End PBXGroup section */

/* Begin PBXNativeTarget section */
		A5701EE52B7CAB5E00F126B0 /* SeSACToDoList */ = {
			isa = PBXNativeTarget;
			buildConfigurationList = A5701EFA2B7CAB6000F126B0 /* Build configuration list for PBXNativeTarget "SeSACToDoList" */;
			buildPhases = (
				A5701EE22B7CAB5E00F126B0 /* Sources */,
				A5701EE32B7CAB5E00F126B0 /* Frameworks */,
				A5701EE42B7CAB5E00F126B0 /* Resources */,
			);
			buildRules = (
			);
			dependencies = (
			);
			name = SeSACToDoList;
			packageProductDependencies = (
				A5B9D18B2B7CD105008E4C8E /* SnapKit */,
				A5B9D1B32B7DFD21008E4C8E /* Realm */,
				A5B9D1B52B7DFD21008E4C8E /* RealmSwift */,
				A5B619CC2B81F4C8005783F4 /* Toast */,
				A5B619D42B832EB7005783F4 /* FSCalendar */,
				A5B619E42B83B2E7005783F4 /* Kingfisher */,
				A5B619E72B83B300005783F4 /* Alamofire */,
			);
			productName = SeSACToDoList;
			productReference = A5701EE62B7CAB5E00F126B0 /* SeSACToDoList.app */;
			productType = "com.apple.product-type.application";
		};
/* End PBXNativeTarget section */

/* Begin PBXProject section */
		A5701EDE2B7CAB5E00F126B0 /* Project object */ = {
			isa = PBXProject;
			attributes = {
				BuildIndependentTargetsInParallel = 1;
				LastSwiftUpdateCheck = 1520;
				LastUpgradeCheck = 1520;
				TargetAttributes = {
					A5701EE52B7CAB5E00F126B0 = {
						CreatedOnToolsVersion = 15.2;
					};
				};
			};
			buildConfigurationList = A5701EE12B7CAB5E00F126B0 /* Build configuration list for PBXProject "SeSACToDoList" */;
			compatibilityVersion = "Xcode 14.0";
			developmentRegion = en;
			hasScannedForEncodings = 0;
			knownRegions = (
				en,
				Base,
			);
			mainGroup = A5701EDD2B7CAB5E00F126B0;
			packageReferences = (
				A5B9D18A2B7CD105008E4C8E /* XCRemoteSwiftPackageReference "SnapKit" */,
				A5B9D1B22B7DFD21008E4C8E /* XCRemoteSwiftPackageReference "realm-swift" */,
				A5B619CB2B81F4C8005783F4 /* XCRemoteSwiftPackageReference "Toast-Swift" */,
				A5B619D32B832EB7005783F4 /* XCRemoteSwiftPackageReference "FSCalendar" */,
				A5B619E32B83B2E7005783F4 /* XCRemoteSwiftPackageReference "Kingfisher" */,
				A5B619E62B83B300005783F4 /* XCRemoteSwiftPackageReference "Alamofire" */,
			);
			productRefGroup = A5701EE72B7CAB5E00F126B0 /* Products */;
			projectDirPath = "";
			projectRoot = "";
			targets = (
				A5701EE52B7CAB5E00F126B0 /* SeSACToDoList */,
			);
		};
/* End PBXProject section */

/* Begin PBXResourcesBuildPhase section */
		A5701EE42B7CAB5E00F126B0 /* Resources */ = {
			isa = PBXResourcesBuildPhase;
			buildActionMask = 2147483647;
			files = (
				A5B619EC2B83B37F005783F4 /* .gitignore in Resources */,
				A5701EF62B7CAB6000F126B0 /* LaunchScreen.storyboard in Resources */,
				A5701EF32B7CAB6000F126B0 /* Assets.xcassets in Resources */,
				A5701EF12B7CAB5F00F126B0 /* Main.storyboard in Resources */,
			);
			runOnlyForDeploymentPostprocessing = 0;
		};
/* End PBXResourcesBuildPhase section */

/* Begin PBXSourcesBuildPhase section */
		A5701EE22B7CAB5E00F126B0 /* Sources */ = {
			isa = PBXSourcesBuildPhase;
			buildActionMask = 2147483647;
			files = (
				A5B619F82B84DEFD005783F4 /* AddCategoryViewController.swift in Sources */,
				A5B9D1B82B7DFD5A008E4C8E /* RealmTable.swift in Sources */,
				A5701EEE2B7CAB5F00F126B0 /* ViewController.swift in Sources */,
				A5B9D1BA2B7EA233008E4C8E /* DateFormat.swift in Sources */,
				A5B619FD2B850694005783F4 /* TodoListInCustomCategoryViewController.swift in Sources */,
				A5701EFF2B7CABA600F126B0 /* BaseViewController.swift in Sources */,
				A5B619F52B848870005783F4 /* CustomCategoryTableViewCell.swift in Sources */,
				A5B619CF2B8208E5005783F4 /* StringStrike.swift in Sources */,
				A5B619DB2B83B108005783F4 /* ImageWebSearchView.swift in Sources */,
				A5B9D1912B7CD412008E4C8E /* AddTodoView.swift in Sources */,
				A5B619FA2B84DF0A005783F4 /* AddCategoryView.swift in Sources */,
				A5B619F22B83B881005783F4 /* BaseImageView.swift in Sources */,
				A5B619EA2B83B364005783F4 /* APIKey.swift in Sources */,
				A5B619D72B839013005783F4 /* ImageWebSearchViewController.swift in Sources */,
				A5701EEA2B7CAB5F00F126B0 /* AppDelegate.swift in Sources */,
				A5B9D1872B7CD033008E4C8E /* BaseView.swift in Sources */,
				A5B619EE2B83B3A0005783F4 /* NaverAPIManger.swift in Sources */,
				A5B9D18F2B7CD404008E4C8E /* AddTodoViewController.swift in Sources */,
				A5B61A012B8513C7005783F4 /* SelectCategoryViewController.swift in Sources */,
				A5B619E12B83B1CD005783F4 /* ResultCollectionViewCell.swift in Sources */,
				A5B9D19D2B7D124E008E4C8E /* PriorityViewController.swift in Sources */,
				A5B9D1892B7CD03D008E4C8E /* CategoryListView.swift in Sources */,
				A5B619FF2B8506A6005783F4 /* TodoListInCustomCategoryView.swift in Sources */,
				A5701EEC2B7CAB5F00F126B0 /* SceneDelegate.swift in Sources */,
				A5B9D1962B7CDB97008E4C8E /* OptionTableViewCell.swift in Sources */,
				A5B9D19B2B7D0F70008E4C8E /* TagViewController.swift in Sources */,
				A5B619D92B83A41D005783F4 /* FileManager.swift in Sources */,
				A5B9D1C52B7EB1FE008E4C8E /* TodoListTableRepository.swift in Sources */,
				A5B9D1BD2B7EABB3008E4C8E /* TodoListViewController.swift in Sources */,
				A5B9D1BF2B7EABC3008E4C8E /* TodoListView.swift in Sources */,
				A5B9D1852B7CD023008E4C8E /* CategoryListViewController.swift in Sources */,
				A5B9D1AB2B7DF763008E4C8E /* CategoryCollectionViewCell.swift in Sources */,
				A5B9D1C22B7EAD94008E4C8E /* TodoListTableViewCell.swift in Sources */,
				A5B9D1992B7CFF1E008E4C8E /* DateViewController.swift in Sources */,
				A5B619F02B83B3B3005783F4 /* NaverModel.swift in Sources */,
				A5B619CA2B7F75E4005783F4 /* TodoListTableHeaderView.swift in Sources */,
			);
			runOnlyForDeploymentPostprocessing = 0;
		};
/* End PBXSourcesBuildPhase section */

/* Begin PBXVariantGroup section */
		A5701EEF2B7CAB5F00F126B0 /* Main.storyboard */ = {
			isa = PBXVariantGroup;
			children = (
				A5701EF02B7CAB5F00F126B0 /* Base */,
			);
			name = Main.storyboard;
			sourceTree = "<group>";
		};
		A5701EF42B7CAB6000F126B0 /* LaunchScreen.storyboard */ = {
			isa = PBXVariantGroup;
			children = (
				A5701EF52B7CAB6000F126B0 /* Base */,
			);
			name = LaunchScreen.storyboard;
			sourceTree = "<group>";
		};
/* End PBXVariantGroup section */

/* Begin XCBuildConfiguration section */
		A5701EF82B7CAB6000F126B0 /* Debug */ = {
			isa = XCBuildConfiguration;
			buildSettings = {
				ALWAYS_SEARCH_USER_PATHS = NO;
				ASSETCATALOG_COMPILER_GENERATE_SWIFT_ASSET_SYMBOL_EXTENSIONS = YES;
				CLANG_ANALYZER_NONNULL = YES;
				CLANG_ANALYZER_NUMBER_OBJECT_CONVERSION = YES_AGGRESSIVE;
				CLANG_CXX_LANGUAGE_STANDARD = "gnu++20";
				CLANG_ENABLE_MODULES = YES;
				CLANG_ENABLE_OBJC_ARC = YES;
				CLANG_ENABLE_OBJC_WEAK = YES;
				CLANG_WARN_BLOCK_CAPTURE_AUTORELEASING = YES;
				CLANG_WARN_BOOL_CONVERSION = YES;
				CLANG_WARN_COMMA = YES;
				CLANG_WARN_CONSTANT_CONVERSION = YES;
				CLANG_WARN_DEPRECATED_OBJC_IMPLEMENTATIONS = YES;
				CLANG_WARN_DIRECT_OBJC_ISA_USAGE = YES_ERROR;
				CLANG_WARN_DOCUMENTATION_COMMENTS = YES;
				CLANG_WARN_EMPTY_BODY = YES;
				CLANG_WARN_ENUM_CONVERSION = YES;
				CLANG_WARN_INFINITE_RECURSION = YES;
				CLANG_WARN_INT_CONVERSION = YES;
				CLANG_WARN_NON_LITERAL_NULL_CONVERSION = YES;
				CLANG_WARN_OBJC_IMPLICIT_RETAIN_SELF = YES;
				CLANG_WARN_OBJC_LITERAL_CONVERSION = YES;
				CLANG_WARN_OBJC_ROOT_CLASS = YES_ERROR;
				CLANG_WARN_QUOTED_INCLUDE_IN_FRAMEWORK_HEADER = YES;
				CLANG_WARN_RANGE_LOOP_ANALYSIS = YES;
				CLANG_WARN_STRICT_PROTOTYPES = YES;
				CLANG_WARN_SUSPICIOUS_MOVE = YES;
				CLANG_WARN_UNGUARDED_AVAILABILITY = YES_AGGRESSIVE;
				CLANG_WARN_UNREACHABLE_CODE = YES;
				CLANG_WARN__DUPLICATE_METHOD_MATCH = YES;
				COPY_PHASE_STRIP = NO;
				DEBUG_INFORMATION_FORMAT = dwarf;
				ENABLE_STRICT_OBJC_MSGSEND = YES;
				ENABLE_TESTABILITY = YES;
				ENABLE_USER_SCRIPT_SANDBOXING = YES;
				GCC_C_LANGUAGE_STANDARD = gnu17;
				GCC_DYNAMIC_NO_PIC = NO;
				GCC_NO_COMMON_BLOCKS = YES;
				GCC_OPTIMIZATION_LEVEL = 0;
				GCC_PREPROCESSOR_DEFINITIONS = (
					"DEBUG=1",
					"$(inherited)",
				);
				GCC_WARN_64_TO_32_BIT_CONVERSION = YES;
				GCC_WARN_ABOUT_RETURN_TYPE = YES_ERROR;
				GCC_WARN_UNDECLARED_SELECTOR = YES;
				GCC_WARN_UNINITIALIZED_AUTOS = YES_AGGRESSIVE;
				GCC_WARN_UNUSED_FUNCTION = YES;
				GCC_WARN_UNUSED_VARIABLE = YES;
				IPHONEOS_DEPLOYMENT_TARGET = 17.2;
				LOCALIZATION_PREFERS_STRING_CATALOGS = YES;
				MTL_ENABLE_DEBUG_INFO = INCLUDE_SOURCE;
				MTL_FAST_MATH = YES;
				ONLY_ACTIVE_ARCH = YES;
				SDKROOT = iphoneos;
				SWIFT_ACTIVE_COMPILATION_CONDITIONS = "DEBUG $(inherited)";
				SWIFT_OPTIMIZATION_LEVEL = "-Onone";
			};
			name = Debug;
		};
		A5701EF92B7CAB6000F126B0 /* Release */ = {
			isa = XCBuildConfiguration;
			buildSettings = {
				ALWAYS_SEARCH_USER_PATHS = NO;
				ASSETCATALOG_COMPILER_GENERATE_SWIFT_ASSET_SYMBOL_EXTENSIONS = YES;
				CLANG_ANALYZER_NONNULL = YES;
				CLANG_ANALYZER_NUMBER_OBJECT_CONVERSION = YES_AGGRESSIVE;
				CLANG_CXX_LANGUAGE_STANDARD = "gnu++20";
				CLANG_ENABLE_MODULES = YES;
				CLANG_ENABLE_OBJC_ARC = YES;
				CLANG_ENABLE_OBJC_WEAK = YES;
				CLANG_WARN_BLOCK_CAPTURE_AUTORELEASING = YES;
				CLANG_WARN_BOOL_CONVERSION = YES;
				CLANG_WARN_COMMA = YES;
				CLANG_WARN_CONSTANT_CONVERSION = YES;
				CLANG_WARN_DEPRECATED_OBJC_IMPLEMENTATIONS = YES;
				CLANG_WARN_DIRECT_OBJC_ISA_USAGE = YES_ERROR;
				CLANG_WARN_DOCUMENTATION_COMMENTS = YES;
				CLANG_WARN_EMPTY_BODY = YES;
				CLANG_WARN_ENUM_CONVERSION = YES;
				CLANG_WARN_INFINITE_RECURSION = YES;
				CLANG_WARN_INT_CONVERSION = YES;
				CLANG_WARN_NON_LITERAL_NULL_CONVERSION = YES;
				CLANG_WARN_OBJC_IMPLICIT_RETAIN_SELF = YES;
				CLANG_WARN_OBJC_LITERAL_CONVERSION = YES;
				CLANG_WARN_OBJC_ROOT_CLASS = YES_ERROR;
				CLANG_WARN_QUOTED_INCLUDE_IN_FRAMEWORK_HEADER = YES;
				CLANG_WARN_RANGE_LOOP_ANALYSIS = YES;
				CLANG_WARN_STRICT_PROTOTYPES = YES;
				CLANG_WARN_SUSPICIOUS_MOVE = YES;
				CLANG_WARN_UNGUARDED_AVAILABILITY = YES_AGGRESSIVE;
				CLANG_WARN_UNREACHABLE_CODE = YES;
				CLANG_WARN__DUPLICATE_METHOD_MATCH = YES;
				COPY_PHASE_STRIP = NO;
				DEBUG_INFORMATION_FORMAT = "dwarf-with-dsym";
				ENABLE_NS_ASSERTIONS = NO;
				ENABLE_STRICT_OBJC_MSGSEND = YES;
				ENABLE_USER_SCRIPT_SANDBOXING = YES;
				GCC_C_LANGUAGE_STANDARD = gnu17;
				GCC_NO_COMMON_BLOCKS = YES;
				GCC_WARN_64_TO_32_BIT_CONVERSION = YES;
				GCC_WARN_ABOUT_RETURN_TYPE = YES_ERROR;
				GCC_WARN_UNDECLARED_SELECTOR = YES;
				GCC_WARN_UNINITIALIZED_AUTOS = YES_AGGRESSIVE;
				GCC_WARN_UNUSED_FUNCTION = YES;
				GCC_WARN_UNUSED_VARIABLE = YES;
				IPHONEOS_DEPLOYMENT_TARGET = 17.2;
				LOCALIZATION_PREFERS_STRING_CATALOGS = YES;
				MTL_ENABLE_DEBUG_INFO = NO;
				MTL_FAST_MATH = YES;
				SDKROOT = iphoneos;
				SWIFT_COMPILATION_MODE = wholemodule;
				VALIDATE_PRODUCT = YES;
			};
			name = Release;
		};
		A5701EFB2B7CAB6000F126B0 /* Debug */ = {
			isa = XCBuildConfiguration;
			buildSettings = {
				ASSETCATALOG_COMPILER_APPICON_NAME = AppIcon;
				ASSETCATALOG_COMPILER_GLOBAL_ACCENT_COLOR_NAME = AccentColor;
				CODE_SIGN_STYLE = Automatic;
				CURRENT_PROJECT_VERSION = 1;
				DEVELOPMENT_TEAM = VRPU7TR7JK;
				GENERATE_INFOPLIST_FILE = YES;
				INFOPLIST_FILE = SeSACToDoList/Info.plist;
				INFOPLIST_KEY_UIApplicationSupportsIndirectInputEvents = YES;
				INFOPLIST_KEY_UILaunchStoryboardName = LaunchScreen;
				INFOPLIST_KEY_UIMainStoryboardFile = Main;
				INFOPLIST_KEY_UISupportedInterfaceOrientations = UIInterfaceOrientationPortrait;
				INFOPLIST_KEY_UISupportedInterfaceOrientations_iPad = "UIInterfaceOrientationLandscapeLeft UIInterfaceOrientationLandscapeRight UIInterfaceOrientationPortrait UIInterfaceOrientationPortraitUpsideDown";
				LD_RUNPATH_SEARCH_PATHS = (
					"$(inherited)",
					"@executable_path/Frameworks",
				);
				MARKETING_VERSION = 1.0;
				PRODUCT_BUNDLE_IDENTIFIER = com.ungQ.SeSACToDoList;
				PRODUCT_NAME = "$(TARGET_NAME)";
				SUPPORTED_PLATFORMS = "iphoneos iphonesimulator";
				SUPPORTS_MACCATALYST = NO;
				SUPPORTS_MAC_DESIGNED_FOR_IPHONE_IPAD = NO;
				SUPPORTS_XR_DESIGNED_FOR_IPHONE_IPAD = NO;
				SWIFT_EMIT_LOC_STRINGS = YES;
				SWIFT_VERSION = 5.0;
				TARGETED_DEVICE_FAMILY = 1;
			};
			name = Debug;
		};
		A5701EFC2B7CAB6000F126B0 /* Release */ = {
			isa = XCBuildConfiguration;
			buildSettings = {
				ASSETCATALOG_COMPILER_APPICON_NAME = AppIcon;
				ASSETCATALOG_COMPILER_GLOBAL_ACCENT_COLOR_NAME = AccentColor;
				CODE_SIGN_STYLE = Automatic;
				CURRENT_PROJECT_VERSION = 1;
				DEVELOPMENT_TEAM = VRPU7TR7JK;
				GENERATE_INFOPLIST_FILE = YES;
				INFOPLIST_FILE = SeSACToDoList/Info.plist;
				INFOPLIST_KEY_UIApplicationSupportsIndirectInputEvents = YES;
				INFOPLIST_KEY_UILaunchStoryboardName = LaunchScreen;
				INFOPLIST_KEY_UIMainStoryboardFile = Main;
				INFOPLIST_KEY_UISupportedInterfaceOrientations = UIInterfaceOrientationPortrait;
				INFOPLIST_KEY_UISupportedInterfaceOrientations_iPad = "UIInterfaceOrientationLandscapeLeft UIInterfaceOrientationLandscapeRight UIInterfaceOrientationPortrait UIInterfaceOrientationPortraitUpsideDown";
				LD_RUNPATH_SEARCH_PATHS = (
					"$(inherited)",
					"@executable_path/Frameworks",
				);
				MARKETING_VERSION = 1.0;
				PRODUCT_BUNDLE_IDENTIFIER = com.ungQ.SeSACToDoList;
				PRODUCT_NAME = "$(TARGET_NAME)";
				SUPPORTED_PLATFORMS = "iphoneos iphonesimulator";
				SUPPORTS_MACCATALYST = NO;
				SUPPORTS_MAC_DESIGNED_FOR_IPHONE_IPAD = NO;
				SUPPORTS_XR_DESIGNED_FOR_IPHONE_IPAD = NO;
				SWIFT_EMIT_LOC_STRINGS = YES;
				SWIFT_VERSION = 5.0;
				TARGETED_DEVICE_FAMILY = 1;
			};
			name = Release;
		};
/* End XCBuildConfiguration section */

/* Begin XCConfigurationList section */
		A5701EE12B7CAB5E00F126B0 /* Build configuration list for PBXProject "SeSACToDoList" */ = {
			isa = XCConfigurationList;
			buildConfigurations = (
				A5701EF82B7CAB6000F126B0 /* Debug */,
				A5701EF92B7CAB6000F126B0 /* Release */,
			);
			defaultConfigurationIsVisible = 0;
			defaultConfigurationName = Release;
		};
		A5701EFA2B7CAB6000F126B0 /* Build configuration list for PBXNativeTarget "SeSACToDoList" */ = {
			isa = XCConfigurationList;
			buildConfigurations = (
				A5701EFB2B7CAB6000F126B0 /* Debug */,
				A5701EFC2B7CAB6000F126B0 /* Release */,
			);
			defaultConfigurationIsVisible = 0;
			defaultConfigurationName = Release;
		};
/* End XCConfigurationList section */

/* Begin XCRemoteSwiftPackageReference section */
		A5B619CB2B81F4C8005783F4 /* XCRemoteSwiftPackageReference "Toast-Swift" */ = {
			isa = XCRemoteSwiftPackageReference;
			repositoryURL = "https://github.com/scalessec/Toast-Swift.git";
			requirement = {
				kind = upToNextMajorVersion;
				minimumVersion = 5.1.0;
			};
		};
		A5B619D32B832EB7005783F4 /* XCRemoteSwiftPackageReference "FSCalendar" */ = {
			isa = XCRemoteSwiftPackageReference;
			repositoryURL = "https://github.com/WenchaoD/FSCalendar.git";
			requirement = {
				kind = upToNextMajorVersion;
				minimumVersion = 2.8.4;
			};
		};
		A5B619E32B83B2E7005783F4 /* XCRemoteSwiftPackageReference "Kingfisher" */ = {
			isa = XCRemoteSwiftPackageReference;
			repositoryURL = "https://github.com/onevcat/Kingfisher.git";
			requirement = {
				kind = upToNextMajorVersion;
				minimumVersion = 7.11.0;
			};
		};
		A5B619E62B83B300005783F4 /* XCRemoteSwiftPackageReference "Alamofire" */ = {
			isa = XCRemoteSwiftPackageReference;
			repositoryURL = "https://github.com/Alamofire/Alamofire.git";
			requirement = {
				kind = upToNextMajorVersion;
				minimumVersion = 5.8.1;
			};
		};
		A5B9D18A2B7CD105008E4C8E /* XCRemoteSwiftPackageReference "SnapKit" */ = {
			isa = XCRemoteSwiftPackageReference;
			repositoryURL = "https://github.com/SnapKit/SnapKit.git";
			requirement = {
				kind = upToNextMajorVersion;
				minimumVersion = 5.7.0;
			};
		};
		A5B9D1B22B7DFD21008E4C8E /* XCRemoteSwiftPackageReference "realm-swift" */ = {
			isa = XCRemoteSwiftPackageReference;
			repositoryURL = "https://github.com/realm/realm-swift.git";
			requirement = {
				kind = exactVersion;
				version = 10.47.0;
			};
		};
/* End XCRemoteSwiftPackageReference section */

/* Begin XCSwiftPackageProductDependency section */
		A5B619CC2B81F4C8005783F4 /* Toast */ = {
			isa = XCSwiftPackageProductDependency;
			package = A5B619CB2B81F4C8005783F4 /* XCRemoteSwiftPackageReference "Toast-Swift" */;
			productName = Toast;
		};
		A5B619D42B832EB7005783F4 /* FSCalendar */ = {
			isa = XCSwiftPackageProductDependency;
			package = A5B619D32B832EB7005783F4 /* XCRemoteSwiftPackageReference "FSCalendar" */;
			productName = FSCalendar;
		};
		A5B619E42B83B2E7005783F4 /* Kingfisher */ = {
			isa = XCSwiftPackageProductDependency;
			package = A5B619E32B83B2E7005783F4 /* XCRemoteSwiftPackageReference "Kingfisher" */;
			productName = Kingfisher;
		};
		A5B619E72B83B300005783F4 /* Alamofire */ = {
			isa = XCSwiftPackageProductDependency;
			package = A5B619E62B83B300005783F4 /* XCRemoteSwiftPackageReference "Alamofire" */;
			productName = Alamofire;
		};
		A5B9D18B2B7CD105008E4C8E /* SnapKit */ = {
			isa = XCSwiftPackageProductDependency;
			package = A5B9D18A2B7CD105008E4C8E /* XCRemoteSwiftPackageReference "SnapKit" */;
			productName = SnapKit;
		};
		A5B9D1B32B7DFD21008E4C8E /* Realm */ = {
			isa = XCSwiftPackageProductDependency;
			package = A5B9D1B22B7DFD21008E4C8E /* XCRemoteSwiftPackageReference "realm-swift" */;
			productName = Realm;
		};
		A5B9D1B52B7DFD21008E4C8E /* RealmSwift */ = {
			isa = XCSwiftPackageProductDependency;
			package = A5B9D1B22B7DFD21008E4C8E /* XCRemoteSwiftPackageReference "realm-swift" */;
			productName = RealmSwift;
		};
/* End XCSwiftPackageProductDependency section */
	};
	rootObject = A5701EDE2B7CAB5E00F126B0 /* Project object */;
}
